
Microsoft Visual Studio Solution File, Format Version 12.00
# Visual Studio 15
VisualStudioVersion = 15.0.28307.489
MinimumVisualStudioVersion = 10.0.40219.1
Project("{FAE04EC0-301F-11D3-BF4B-00C04F79EFBC}") = "WebApplication15", "WebApplication15\WebApplication15.csproj", "{31D7EE85-AC5D-492F-8070-9FCFDC5BE353}"
EndProject
Global
	GlobalSection(SolutionConfigurationPlatforms) = preSolution
		Debug|Any CPU = Debug|Any CPU
		Release|Any CPU = Release|Any CPU
	EndGlobalSection
	GlobalSection(ProjectConfigurationPlatforms) = postSolution
		{31D7EE85-AC5D-492F-8070-9FCFDC5BE353}.Debug|Any CPU.ActiveCfg = Debug|Any CPU
		{31D7EE85-AC5D-492F-8070-9FCFDC5BE353}.Debug|Any CPU.Build.0 = Debug|Any CPU
		{31D7EE85-AC5D-492F-8070-9FCFDC5BE353}.Release|Any CPU.ActiveCfg = Release|Any CPU
		{31D7EE85-AC5D-492F-8070-9FCFDC5BE353}.Release|Any CPU.Build.0 = Release|Any CPU
	EndGlobalSection
	GlobalSection(SolutionProperties) = preSolution
		HideSolutionNode = FALSE
	EndGlobalSection
	GlobalSection(ExtensibilityGlobals) = postSolution
		SolutionGuid = {AB4EB6CA-A592-42D7-A416-01E4E78402C2}
	EndGlobalSection
EndGlobal
